
Microsoft Visual Studio Solution File, Format Version 12.00
# Visual Studio Version 17
VisualStudioVersion = 17.1.32414.318
MinimumVisualStudioVersion = 10.0.40219.1
Project("{2150E333-8FDC-42A3-9474-1A3956D46DE8}") = "src", "src", "{D6AB1FAF-DAF0-4535-977C-2E1AF88D9E6C}"
EndProject
Project("{2150E333-8FDC-42A3-9474-1A3956D46DE8}") = "Core", "Core", "{317C61BA-B243-4243-A2F7-227BFAF09089}"
EndProject
Project("{2150E333-8FDC-42A3-9474-1A3956D46DE8}") = "Infraestructure", "Infraestructure", "{CD7612E8-F92E-47CD-9CEA-2EED8C0EBB73}"
EndProject
Project("{2150E333-8FDC-42A3-9474-1A3956D46DE8}") = "Presentation", "Presentation", "{FAE63B60-2BDE-4025-95C1-4F46174A2569}"
EndProject
Project("{9A19103F-16F7-4668-BE54-9A1E7A4F7556}") = "Application", "Application\Application.csproj", "{801F6FD1-04B4-437C-9D8C-0FE42CAFF856}"
EndProject
Project("{9A19103F-16F7-4668-BE54-9A1E7A4F7556}") = "Domain", "Domain\Domain.csproj", "{C1343FD8-8D80-41BD-BEC3-8E63BCFEF586}"
EndProject
Project("{9A19103F-16F7-4668-BE54-9A1E7A4F7556}") = "Persistence", "Persistence\Persistence.csproj", "{D460B6C4-D3AC-47B7-A409-205153A2BFC1}"
EndProject
Project("{9A19103F-16F7-4668-BE54-9A1E7A4F7556}") = "Shared", "Shared\Shared.csproj", "{857E4C8D-BF3C-4315-9ABB-44406CD89C1B}"
EndProject
Project("{9A19103F-16F7-4668-BE54-9A1E7A4F7556}") = "TrekkoBankAPI", "BankWebAPI\TrekkoBankAPI.csproj", "{CB0E03FD-9A90-4A95-97D9-AAC647B3FE38}"
EndProject
Global
	GlobalSection(SolutionConfigurationPlatforms) = preSolution
		Debug|Any CPU = Debug|Any CPU
		Release|Any CPU = Release|Any CPU
	EndGlobalSection
	GlobalSection(ProjectConfigurationPlatforms) = postSolution
		{801F6FD1-04B4-437C-9D8C-0FE42CAFF856}.Debug|Any CPU.ActiveCfg = Debug|Any CPU
		{801F6FD1-04B4-437C-9D8C-0FE42CAFF856}.Debug|Any CPU.Build.0 = Debug|Any CPU
		{801F6FD1-04B4-437C-9D8C-0FE42CAFF856}.Release|Any CPU.ActiveCfg = Release|Any CPU
		{801F6FD1-04B4-437C-9D8C-0FE42CAFF856}.Release|Any CPU.Build.0 = Release|Any CPU
		{C1343FD8-8D80-41BD-BEC3-8E63BCFEF586}.Debug|Any CPU.ActiveCfg = Debug|Any CPU
		{C1343FD8-8D80-41BD-BEC3-8E63BCFEF586}.Debug|Any CPU.Build.0 = Debug|Any CPU
		{C1343FD8-8D80-41BD-BEC3-8E63BCFEF586}.Release|Any CPU.ActiveCfg = Release|Any CPU
		{C1343FD8-8D80-41BD-BEC3-8E63BCFEF586}.Release|Any CPU.Build.0 = Release|Any CPU
		{D460B6C4-D3AC-47B7-A409-205153A2BFC1}.Debug|Any CPU.ActiveCfg = Debug|Any CPU
		{D460B6C4-D3AC-47B7-A409-205153A2BFC1}.Debug|Any CPU.Build.0 = Debug|Any CPU
		{D460B6C4-D3AC-47B7-A409-205153A2BFC1}.Release|Any CPU.ActiveCfg = Release|Any CPU
		{D460B6C4-D3AC-47B7-A409-205153A2BFC1}.Release|Any CPU.Build.0 = Release|Any CPU
		{857E4C8D-BF3C-4315-9ABB-44406CD89C1B}.Debug|Any CPU.ActiveCfg = Debug|Any CPU
		{857E4C8D-BF3C-4315-9ABB-44406CD89C1B}.Debug|Any CPU.Build.0 = Debug|Any CPU
		{857E4C8D-BF3C-4315-9ABB-44406CD89C1B}.Release|Any CPU.ActiveCfg = Release|Any CPU
		{857E4C8D-BF3C-4315-9ABB-44406CD89C1B}.Release|Any CPU.Build.0 = Release|Any CPU
		{CB0E03FD-9A90-4A95-97D9-AAC647B3FE38}.Debug|Any CPU.ActiveCfg = Debug|Any CPU
		{CB0E03FD-9A90-4A95-97D9-AAC647B3FE38}.Debug|Any CPU.Build.0 = Debug|Any CPU
		{CB0E03FD-9A90-4A95-97D9-AAC647B3FE38}.Release|Any CPU.ActiveCfg = Release|Any CPU
		{CB0E03FD-9A90-4A95-97D9-AAC647B3FE38}.Release|Any CPU.Build.0 = Release|Any CPU
	EndGlobalSection
	GlobalSection(SolutionProperties) = preSolution
		HideSolutionNode = FALSE
	EndGlobalSection
	GlobalSection(NestedProjects) = preSolution
		{317C61BA-B243-4243-A2F7-227BFAF09089} = {D6AB1FAF-DAF0-4535-977C-2E1AF88D9E6C}
		{CD7612E8-F92E-47CD-9CEA-2EED8C0EBB73} = {D6AB1FAF-DAF0-4535-977C-2E1AF88D9E6C}
		{FAE63B60-2BDE-4025-95C1-4F46174A2569} = {D6AB1FAF-DAF0-4535-977C-2E1AF88D9E6C}
		{801F6FD1-04B4-437C-9D8C-0FE42CAFF856} = {317C61BA-B243-4243-A2F7-227BFAF09089}
		{C1343FD8-8D80-41BD-BEC3-8E63BCFEF586} = {317C61BA-B243-4243-A2F7-227BFAF09089}
		{D460B6C4-D3AC-47B7-A409-205153A2BFC1} = {CD7612E8-F92E-47CD-9CEA-2EED8C0EBB73}
		{857E4C8D-BF3C-4315-9ABB-44406CD89C1B} = {CD7612E8-F92E-47CD-9CEA-2EED8C0EBB73}
		{CB0E03FD-9A90-4A95-97D9-AAC647B3FE38} = {FAE63B60-2BDE-4025-95C1-4F46174A2569}
	EndGlobalSection
	GlobalSection(ExtensibilityGlobals) = postSolution
		SolutionGuid = {3217B8B7-46C9-4733-B0B4-37F0CEB16B1D}
	EndGlobalSection
EndGlobal
